
Microsoft Visual Studio Solution File, Format Version 12.00
# Visual Studio Version 17
VisualStudioVersion = 17.0.31919.166
MinimumVisualStudioVersion = 10.0.40219.1
Project("{2150E333-8FDC-42A3-9474-1A3956D46DE8}") = "Services", "Services", "{7F29ACD9-4026-4203-BD1A-C5281BE3A5EA}"
EndProject
Project("{2150E333-8FDC-42A3-9474-1A3956D46DE8}") = "Catalog", "Catalog", "{9BD26D38-32D2-4CD9-8227-F9D804B8C6EF}"
EndProject
Project("{9A19103F-16F7-4668-BE54-9A1E7A4F7556}") = "Catalog.API", "Services\Catalog\Catalog.API\Catalog.API.csproj", "{53915DAF-1977-4BB2-AC92-586C9F17806A}"
EndProject
Project("{9A19103F-16F7-4668-BE54-9A1E7A4F7556}") = "Catalog.Data", "Catalog.Data\Catalog.Data.csproj", "{B86C2519-59A1-40FA-81B8-1F0499E5E2DE}"
EndProject
Project("{9A19103F-16F7-4668-BE54-9A1E7A4F7556}") = "Catalog.Model", "Catalog.Model\Catalog.Model.csproj", "{4CEC7D5E-0147-40E3-A0F3-56722DC5F0A2}"
EndProject
Project("{9A19103F-16F7-4668-BE54-9A1E7A4F7556}") = "Catalog.Repositories", "Catalog.Repositories\Catalog.Repositories.csproj", "{2A1169BA-8D2C-4FAA-9D49-3D6E26961D88}"
EndProject
Project("{E53339B2-1760-4266-BCC7-CA923CBCF16C}") = "docker-compose", "docker-compose.dcproj", "{68559E41-F163-4BDB-91CD-CD2AE9F4630B}"
EndProject
Project("{2150E333-8FDC-42A3-9474-1A3956D46DE8}") = "Basket", "Basket", "{F5E70254-02B5-4CC5-9873-432C4E8F279B}"
EndProject
Project("{9A19103F-16F7-4668-BE54-9A1E7A4F7556}") = "Basket.API", "Services\Basket\Basket.API\Basket.API.csproj", "{B4AC0101-CB49-4A52-9063-3A78897BE783}"
EndProject
Project("{9A19103F-16F7-4668-BE54-9A1E7A4F7556}") = "Basket.Model", "Services\Basket\Basket.Model\Basket.Model.csproj", "{7E836FD1-5761-4A66-B6A7-E17D110535F2}"
EndProject
Project("{9A19103F-16F7-4668-BE54-9A1E7A4F7556}") = "Basket.Repositories", "Services\Basket\Basket.Repositories\Basket.Repositories.csproj", "{591EC875-1CB6-414C-AA83-762AAC7D4EAF}"
EndProject
Project("{2150E333-8FDC-42A3-9474-1A3956D46DE8}") = "Discount", "Discount", "{C87A3FAD-963E-4D11-ACDC-0908FD16F59E}"
EndProject
Project("{9A19103F-16F7-4668-BE54-9A1E7A4F7556}") = "Discount.API", "Services\Discount\Discount.API\Discount.API.csproj", "{DEE3496F-700B-450E-9447-301AE0D14DBC}"
EndProject
Project("{9A19103F-16F7-4668-BE54-9A1E7A4F7556}") = "Discount.Model", "Services\Discount\Discount.Model\Discount.Model.csproj", "{E8ED3E5A-959D-4D69-B3EB-2E75911AB746}"
EndProject
Project("{9A19103F-16F7-4668-BE54-9A1E7A4F7556}") = "Discount.Repositories", "Services\Discount\Discount.Repositories\Discount.Repositories.csproj", "{92981F90-4561-4EB0-AF43-B72FA83CD6C5}"
EndProject
Project("{9A19103F-16F7-4668-BE54-9A1E7A4F7556}") = "Discount.Grpc", "Services\Discount\Discount.Grpc\Discount.Grpc.csproj", "{7D9B1831-0CFD-461F-9285-1565139EB4EF}"
EndProject
Project("{2150E333-8FDC-42A3-9474-1A3956D46DE8}") = "Ordering", "Ordering", "{E37AAE66-CDD0-441B-8BEB-5ED7B9585264}"
EndProject
Project("{9A19103F-16F7-4668-BE54-9A1E7A4F7556}") = "Ordering.API", "Services\Ordering\Ordering.API\Ordering.API.csproj", "{87139596-371C-494F-8EA0-B4896EDC92D6}"
EndProject
Project("{9A19103F-16F7-4668-BE54-9A1E7A4F7556}") = "Ordering.Domain", "Services\Ordering\Ordering.Domain\Ordering.Domain.csproj", "{BDA3A7BE-A5FB-489E-BE65-10CF6FF85792}"
EndProject
Project("{9A19103F-16F7-4668-BE54-9A1E7A4F7556}") = "Ordering.Application", "Services\Ordering\Ordering.Application\Ordering.Application.csproj", "{4CC4B8C7-2F4F-4306-8E39-31E84EA15436}"
EndProject
Project("{9A19103F-16F7-4668-BE54-9A1E7A4F7556}") = "Ordering.Infrastructure", "Services\Ordering\Ordering.Infrastructure\Ordering.Infrastructure.csproj", "{5D3AD8F2-DD69-4C3F-AEA2-722100E1069D}"
EndProject
Project("{2150E333-8FDC-42A3-9474-1A3956D46DE8}") = "BuildingBlocks", "BuildingBlocks", "{F76FEA06-1534-428D-918A-3AF29FC80E9F}"
EndProject
Project("{9A19103F-16F7-4668-BE54-9A1E7A4F7556}") = "EventBus.Messages", "BuildingBlocks\EventBus.Messages\EventBus.Messages.csproj", "{39538C41-F18A-4F2C-B4DA-A5062AC0BB27}"
EndProject
Project("{2150E333-8FDC-42A3-9474-1A3956D46DE8}") = "ApiGateways", "ApiGateways", "{EA419A35-7B61-4CA1-A0C5-4E5BB23C8E9D}"
EndProject
Project("{9A19103F-16F7-4668-BE54-9A1E7A4F7556}") = "OcelotApiGw", "ApiGateways\OcelotApiGw\OcelotApiGw.csproj", "{1F5DE1CB-0A46-4DC7-BE41-8FF14CF6CF10}"
EndProject
Project("{FAE04EC0-301F-11D3-BF4B-00C04F79EFBC}") = "Shopping.Aggregator", "ApiGateways\Shopping.Aggregator\Shopping.Aggregator.csproj", "{2F049B89-25F5-431E-BEA1-82C801EFC053}"
EndProject
Project("{FAE04EC0-301F-11D3-BF4B-00C04F79EFBC}") = "Shopping.Models", "ApiGateways\Shopping.Models\Shopping.Models.csproj", "{57832D49-8515-4ABA-ADD3-ECACD1425E03}"
EndProject
Project("{9A19103F-16F7-4668-BE54-9A1E7A4F7556}") = "Shopping.Services", "ApiGateways\Shopping.Services\Shopping.Services.csproj", "{3E58F89C-8248-420E-A789-51B661DDAE37}"
EndProject
Project("{2150E333-8FDC-42A3-9474-1A3956D46DE8}") = "WebApps", "WebApps", "{E479D5E8-D5D0-4C44-AF12-2FCFE05ACF16}"
EndProject
Project("{9A19103F-16F7-4668-BE54-9A1E7A4F7556}") = "AspnetRunBasics", "WebApps\AspnetRunBasics\AspnetRunBasics.csproj", "{75F3A1A4-3190-421B-96F1-0B85475B93E8}"
EndProject
Global
	GlobalSection(SolutionConfigurationPlatforms) = preSolution
		Debug|Any CPU = Debug|Any CPU
		Release|Any CPU = Release|Any CPU
	EndGlobalSection
	GlobalSection(ProjectConfigurationPlatforms) = postSolution
		{53915DAF-1977-4BB2-AC92-586C9F17806A}.Debug|Any CPU.ActiveCfg = Debug|Any CPU
		{53915DAF-1977-4BB2-AC92-586C9F17806A}.Debug|Any CPU.Build.0 = Debug|Any CPU
		{53915DAF-1977-4BB2-AC92-586C9F17806A}.Release|Any CPU.ActiveCfg = Release|Any CPU
		{53915DAF-1977-4BB2-AC92-586C9F17806A}.Release|Any CPU.Build.0 = Release|Any CPU
		{B86C2519-59A1-40FA-81B8-1F0499E5E2DE}.Debug|Any CPU.ActiveCfg = Debug|Any CPU
		{B86C2519-59A1-40FA-81B8-1F0499E5E2DE}.Debug|Any CPU.Build.0 = Debug|Any CPU
		{B86C2519-59A1-40FA-81B8-1F0499E5E2DE}.Release|Any CPU.ActiveCfg = Release|Any CPU
		{B86C2519-59A1-40FA-81B8-1F0499E5E2DE}.Release|Any CPU.Build.0 = Release|Any CPU
		{4CEC7D5E-0147-40E3-A0F3-56722DC5F0A2}.Debug|Any CPU.ActiveCfg = Debug|Any CPU
		{4CEC7D5E-0147-40E3-A0F3-56722DC5F0A2}.Debug|Any CPU.Build.0 = Debug|Any CPU
		{4CEC7D5E-0147-40E3-A0F3-56722DC5F0A2}.Release|Any CPU.ActiveCfg = Release|Any CPU
		{4CEC7D5E-0147-40E3-A0F3-56722DC5F0A2}.Release|Any CPU.Build.0 = Release|Any CPU
		{2A1169BA-8D2C-4FAA-9D49-3D6E26961D88}.Debug|Any CPU.ActiveCfg = Debug|Any CPU
		{2A1169BA-8D2C-4FAA-9D49-3D6E26961D88}.Debug|Any CPU.Build.0 = Debug|Any CPU
		{2A1169BA-8D2C-4FAA-9D49-3D6E26961D88}.Release|Any CPU.ActiveCfg = Release|Any CPU
		{2A1169BA-8D2C-4FAA-9D49-3D6E26961D88}.Release|Any CPU.Build.0 = Release|Any CPU
		{68559E41-F163-4BDB-91CD-CD2AE9F4630B}.Debug|Any CPU.ActiveCfg = Debug|Any CPU
		{68559E41-F163-4BDB-91CD-CD2AE9F4630B}.Debug|Any CPU.Build.0 = Debug|Any CPU
		{68559E41-F163-4BDB-91CD-CD2AE9F4630B}.Release|Any CPU.ActiveCfg = Release|Any CPU
		{68559E41-F163-4BDB-91CD-CD2AE9F4630B}.Release|Any CPU.Build.0 = Release|Any CPU
		{B4AC0101-CB49-4A52-9063-3A78897BE783}.Debug|Any CPU.ActiveCfg = Debug|Any CPU
		{B4AC0101-CB49-4A52-9063-3A78897BE783}.Debug|Any CPU.Build.0 = Debug|Any CPU
		{B4AC0101-CB49-4A52-9063-3A78897BE783}.Release|Any CPU.ActiveCfg = Release|Any CPU
		{B4AC0101-CB49-4A52-9063-3A78897BE783}.Release|Any CPU.Build.0 = Release|Any CPU
		{7E836FD1-5761-4A66-B6A7-E17D110535F2}.Debug|Any CPU.ActiveCfg = Debug|Any CPU
		{7E836FD1-5761-4A66-B6A7-E17D110535F2}.Debug|Any CPU.Build.0 = Debug|Any CPU
		{7E836FD1-5761-4A66-B6A7-E17D110535F2}.Release|Any CPU.ActiveCfg = Release|Any CPU
		{7E836FD1-5761-4A66-B6A7-E17D110535F2}.Release|Any CPU.Build.0 = Release|Any CPU
		{591EC875-1CB6-414C-AA83-762AAC7D4EAF}.Debug|Any CPU.ActiveCfg = Debug|Any CPU
		{591EC875-1CB6-414C-AA83-762AAC7D4EAF}.Debug|Any CPU.Build.0 = Debug|Any CPU
		{591EC875-1CB6-414C-AA83-762AAC7D4EAF}.Release|Any CPU.ActiveCfg = Release|Any CPU
		{591EC875-1CB6-414C-AA83-762AAC7D4EAF}.Release|Any CPU.Build.0 = Release|Any CPU
		{DEE3496F-700B-450E-9447-301AE0D14DBC}.Debug|Any CPU.ActiveCfg = Debug|Any CPU
		{DEE3496F-700B-450E-9447-301AE0D14DBC}.Debug|Any CPU.Build.0 = Debug|Any CPU
		{DEE3496F-700B-450E-9447-301AE0D14DBC}.Release|Any CPU.ActiveCfg = Release|Any CPU
		{DEE3496F-700B-450E-9447-301AE0D14DBC}.Release|Any CPU.Build.0 = Release|Any CPU
		{E8ED3E5A-959D-4D69-B3EB-2E75911AB746}.Debug|Any CPU.ActiveCfg = Debug|Any CPU
		{E8ED3E5A-959D-4D69-B3EB-2E75911AB746}.Debug|Any CPU.Build.0 = Debug|Any CPU
		{E8ED3E5A-959D-4D69-B3EB-2E75911AB746}.Release|Any CPU.ActiveCfg = Release|Any CPU
		{E8ED3E5A-959D-4D69-B3EB-2E75911AB746}.Release|Any CPU.Build.0 = Release|Any CPU
		{92981F90-4561-4EB0-AF43-B72FA83CD6C5}.Debug|Any CPU.ActiveCfg = Debug|Any CPU
		{92981F90-4561-4EB0-AF43-B72FA83CD6C5}.Debug|Any CPU.Build.0 = Debug|Any CPU
		{92981F90-4561-4EB0-AF43-B72FA83CD6C5}.Release|Any CPU.ActiveCfg = Release|Any CPU
		{92981F90-4561-4EB0-AF43-B72FA83CD6C5}.Release|Any CPU.Build.0 = Release|Any CPU
		{7D9B1831-0CFD-461F-9285-1565139EB4EF}.Debug|Any CPU.ActiveCfg = Debug|Any CPU
		{7D9B1831-0CFD-461F-9285-1565139EB4EF}.Debug|Any CPU.Build.0 = Debug|Any CPU
		{7D9B1831-0CFD-461F-9285-1565139EB4EF}.Release|Any CPU.ActiveCfg = Release|Any CPU
		{7D9B1831-0CFD-461F-9285-1565139EB4EF}.Release|Any CPU.Build.0 = Release|Any CPU
		{87139596-371C-494F-8EA0-B4896EDC92D6}.Debug|Any CPU.ActiveCfg = Debug|Any CPU
		{87139596-371C-494F-8EA0-B4896EDC92D6}.Debug|Any CPU.Build.0 = Debug|Any CPU
		{87139596-371C-494F-8EA0-B4896EDC92D6}.Release|Any CPU.ActiveCfg = Release|Any CPU
		{87139596-371C-494F-8EA0-B4896EDC92D6}.Release|Any CPU.Build.0 = Release|Any CPU
		{BDA3A7BE-A5FB-489E-BE65-10CF6FF85792}.Debug|Any CPU.ActiveCfg = Debug|Any CPU
		{BDA3A7BE-A5FB-489E-BE65-10CF6FF85792}.Debug|Any CPU.Build.0 = Debug|Any CPU
		{BDA3A7BE-A5FB-489E-BE65-10CF6FF85792}.Release|Any CPU.ActiveCfg = Release|Any CPU
		{BDA3A7BE-A5FB-489E-BE65-10CF6FF85792}.Release|Any CPU.Build.0 = Release|Any CPU
		{4CC4B8C7-2F4F-4306-8E39-31E84EA15436}.Debug|Any CPU.ActiveCfg = Debug|Any CPU
		{4CC4B8C7-2F4F-4306-8E39-31E84EA15436}.Debug|Any CPU.Build.0 = Debug|Any CPU
		{4CC4B8C7-2F4F-4306-8E39-31E84EA15436}.Release|Any CPU.ActiveCfg = Release|Any CPU
		{4CC4B8C7-2F4F-4306-8E39-31E84EA15436}.Release|Any CPU.Build.0 = Release|Any CPU
		{5D3AD8F2-DD69-4C3F-AEA2-722100E1069D}.Debug|Any CPU.ActiveCfg = Debug|Any CPU
		{5D3AD8F2-DD69-4C3F-AEA2-722100E1069D}.Debug|Any CPU.Build.0 = Debug|Any CPU
		{5D3AD8F2-DD69-4C3F-AEA2-722100E1069D}.Release|Any CPU.ActiveCfg = Release|Any CPU
		{5D3AD8F2-DD69-4C3F-AEA2-722100E1069D}.Release|Any CPU.Build.0 = Release|Any CPU
		{39538C41-F18A-4F2C-B4DA-A5062AC0BB27}.Debug|Any CPU.ActiveCfg = Debug|Any CPU
		{39538C41-F18A-4F2C-B4DA-A5062AC0BB27}.Debug|Any CPU.Build.0 = Debug|Any CPU
		{39538C41-F18A-4F2C-B4DA-A5062AC0BB27}.Release|Any CPU.ActiveCfg = Release|Any CPU
		{39538C41-F18A-4F2C-B4DA-A5062AC0BB27}.Release|Any CPU.Build.0 = Release|Any CPU
		{1F5DE1CB-0A46-4DC7-BE41-8FF14CF6CF10}.Debug|Any CPU.ActiveCfg = Debug|Any CPU
		{1F5DE1CB-0A46-4DC7-BE41-8FF14CF6CF10}.Debug|Any CPU.Build.0 = Debug|Any CPU
		{1F5DE1CB-0A46-4DC7-BE41-8FF14CF6CF10}.Release|Any CPU.ActiveCfg = Release|Any CPU
		{1F5DE1CB-0A46-4DC7-BE41-8FF14CF6CF10}.Release|Any CPU.Build.0 = Release|Any CPU
		{2F049B89-25F5-431E-BEA1-82C801EFC053}.Debug|Any CPU.ActiveCfg = Debug|Any CPU
		{2F049B89-25F5-431E-BEA1-82C801EFC053}.Debug|Any CPU.Build.0 = Debug|Any CPU
		{2F049B89-25F5-431E-BEA1-82C801EFC053}.Release|Any CPU.ActiveCfg = Release|Any CPU
		{2F049B89-25F5-431E-BEA1-82C801EFC053}.Release|Any CPU.Build.0 = Release|Any CPU
		{57832D49-8515-4ABA-ADD3-ECACD1425E03}.Debug|Any CPU.ActiveCfg = Debug|Any CPU
		{57832D49-8515-4ABA-ADD3-ECACD1425E03}.Debug|Any CPU.Build.0 = Debug|Any CPU
		{57832D49-8515-4ABA-ADD3-ECACD1425E03}.Release|Any CPU.ActiveCfg = Release|Any CPU
		{57832D49-8515-4ABA-ADD3-ECACD1425E03}.Release|Any CPU.Build.0 = Release|Any CPU
		{3E58F89C-8248-420E-A789-51B661DDAE37}.Debug|Any CPU.ActiveCfg = Debug|Any CPU
		{3E58F89C-8248-420E-A789-51B661DDAE37}.Debug|Any CPU.Build.0 = Debug|Any CPU
		{3E58F89C-8248-420E-A789-51B661DDAE37}.Release|Any CPU.ActiveCfg = Release|Any CPU
		{3E58F89C-8248-420E-A789-51B661DDAE37}.Release|Any CPU.Build.0 = Release|Any CPU
		{75F3A1A4-3190-421B-96F1-0B85475B93E8}.Debug|Any CPU.ActiveCfg = Debug|Any CPU
		{75F3A1A4-3190-421B-96F1-0B85475B93E8}.Debug|Any CPU.Build.0 = Debug|Any CPU
		{75F3A1A4-3190-421B-96F1-0B85475B93E8}.Release|Any CPU.ActiveCfg = Release|Any CPU
		{75F3A1A4-3190-421B-96F1-0B85475B93E8}.Release|Any CPU.Build.0 = Release|Any CPU
	EndGlobalSection
	GlobalSection(SolutionProperties) = preSolution
		HideSolutionNode = FALSE
	EndGlobalSection
	GlobalSection(NestedProjects) = preSolution
		{9BD26D38-32D2-4CD9-8227-F9D804B8C6EF} = {7F29ACD9-4026-4203-BD1A-C5281BE3A5EA}
		{53915DAF-1977-4BB2-AC92-586C9F17806A} = {9BD26D38-32D2-4CD9-8227-F9D804B8C6EF}
		{B86C2519-59A1-40FA-81B8-1F0499E5E2DE} = {9BD26D38-32D2-4CD9-8227-F9D804B8C6EF}
		{4CEC7D5E-0147-40E3-A0F3-56722DC5F0A2} = {9BD26D38-32D2-4CD9-8227-F9D804B8C6EF}
		{2A1169BA-8D2C-4FAA-9D49-3D6E26961D88} = {9BD26D38-32D2-4CD9-8227-F9D804B8C6EF}
		{F5E70254-02B5-4CC5-9873-432C4E8F279B} = {7F29ACD9-4026-4203-BD1A-C5281BE3A5EA}
		{B4AC0101-CB49-4A52-9063-3A78897BE783} = {F5E70254-02B5-4CC5-9873-432C4E8F279B}
		{7E836FD1-5761-4A66-B6A7-E17D110535F2} = {F5E70254-02B5-4CC5-9873-432C4E8F279B}
		{591EC875-1CB6-414C-AA83-762AAC7D4EAF} = {F5E70254-02B5-4CC5-9873-432C4E8F279B}
		{C87A3FAD-963E-4D11-ACDC-0908FD16F59E} = {7F29ACD9-4026-4203-BD1A-C5281BE3A5EA}
		{DEE3496F-700B-450E-9447-301AE0D14DBC} = {C87A3FAD-963E-4D11-ACDC-0908FD16F59E}
		{E8ED3E5A-959D-4D69-B3EB-2E75911AB746} = {C87A3FAD-963E-4D11-ACDC-0908FD16F59E}
		{92981F90-4561-4EB0-AF43-B72FA83CD6C5} = {C87A3FAD-963E-4D11-ACDC-0908FD16F59E}
		{7D9B1831-0CFD-461F-9285-1565139EB4EF} = {C87A3FAD-963E-4D11-ACDC-0908FD16F59E}
		{E37AAE66-CDD0-441B-8BEB-5ED7B9585264} = {7F29ACD9-4026-4203-BD1A-C5281BE3A5EA}
		{87139596-371C-494F-8EA0-B4896EDC92D6} = {E37AAE66-CDD0-441B-8BEB-5ED7B9585264}
		{BDA3A7BE-A5FB-489E-BE65-10CF6FF85792} = {E37AAE66-CDD0-441B-8BEB-5ED7B9585264}
		{4CC4B8C7-2F4F-4306-8E39-31E84EA15436} = {E37AAE66-CDD0-441B-8BEB-5ED7B9585264}
		{5D3AD8F2-DD69-4C3F-AEA2-722100E1069D} = {E37AAE66-CDD0-441B-8BEB-5ED7B9585264}
		{39538C41-F18A-4F2C-B4DA-A5062AC0BB27} = {F76FEA06-1534-428D-918A-3AF29FC80E9F}
		{1F5DE1CB-0A46-4DC7-BE41-8FF14CF6CF10} = {EA419A35-7B61-4CA1-A0C5-4E5BB23C8E9D}
		{2F049B89-25F5-431E-BEA1-82C801EFC053} = {EA419A35-7B61-4CA1-A0C5-4E5BB23C8E9D}
		{57832D49-8515-4ABA-ADD3-ECACD1425E03} = {EA419A35-7B61-4CA1-A0C5-4E5BB23C8E9D}
		{3E58F89C-8248-420E-A789-51B661DDAE37} = {EA419A35-7B61-4CA1-A0C5-4E5BB23C8E9D}
		{75F3A1A4-3190-421B-96F1-0B85475B93E8} = {E479D5E8-D5D0-4C44-AF12-2FCFE05ACF16}
	EndGlobalSection
	GlobalSection(ExtensibilityGlobals) = postSolution
		SolutionGuid = {182F49B3-B0D0-41FE-AF15-0E02332E5C0E}
	EndGlobalSection
EndGlobal
